<?xml version="1.0" encoding="utf-8"?>
<Project ToolsVersion="4.0" xmlns="http://schemas.microsoft.com/developer/msbuild/2003">
  <ItemGroup>
    <Filter Include="view">
      <UniqueIdentifier>{f9ba1db4-1ee4-4d6c-ae3c-c4f16e3dad3c}</UniqueIdentifier>
    </Filter>
    <Filter Include="view\preview">
      <UniqueIdentifier>{9794f820-c69b-4da2-b5d1-49c5828a45a4}</UniqueIdentifier>
    </Filter>
    <Filter Include="tools">
      <UniqueIdentifier>{5d46b246-a5cb-4be9-a8c7-6d7d6086cddc}</UniqueIdentifier>
    </Filter>
    <Filter Include="dataset">
      <UniqueIdentifier>{b31d2ae4-1932-408c-b2c7-331c5e224709}</UniqueIdentifier>
    </Filter>
    <Filter Include="dataset\node">
      <UniqueIdentifier>{fad59bf1-30bf-4b6c-8278-9c0acf002e61}</UniqueIdentifier>
    </Filter>
    <Filter Include="dataset\pin">
      <UniqueIdentifier>{9e55899c-9959-4f76-a4d3-e628ca8008fe}</UniqueIdentifier>
    </Filter>
    <Filter Include="tools\trans">
      <UniqueIdentifier>{2aef9f9a-bea1-4195-90a9-2330bd80a38e}</UniqueIdentifier>
    </Filter>
    <Filter Include="tools\rtti">
      <UniqueIdentifier>{ab1897a7-7861-4be0-a7d7-87a1bb30b798}</UniqueIdentifier>
    </Filter>
    <Filter Include="view\preview\renderer">
      <UniqueIdentifier>{92eec5c5-cee0-46bc-9441-84218020ab23}</UniqueIdentifier>
    </Filter>
    <Filter Include="view\preview\renderer\bitmap">
      <UniqueIdentifier>{fb961d33-f794-41b0-bf2b-4af30e9ce87d}</UniqueIdentifier>
    </Filter>
    <Filter Include="view\preview\renderer\heightmap">
      <UniqueIdentifier>{923ca281-5004-4021-8405-360193782130}</UniqueIdentifier>
    </Filter>
    <Filter Include="view\preview\operator">
      <UniqueIdentifier>{c45312e6-7b5f-44c6-a253-349fabd6f1ef}</UniqueIdentifier>
    </Filter>
    <Filter Include="nodes">
      <UniqueIdentifier>{de409d51-e2a5-4e5e-bdf3-301ec5aa7a6b}</UniqueIdentifier>
    </Filter>
    <Filter Include="view\preview\renderer\fullview">
      <UniqueIdentifier>{70879a29-8144-43a9-997f-742aa93ca59e}</UniqueIdentifier>
    </Filter>
  </ItemGroup>
  <ItemGroup>
    <ClInclude Include="..\..\..\include\terrainlab\WxPreviewCanvas.h">
      <Filter>view\preview</Filter>
    </ClInclude>
    <ClInclude Include="..\..\..\include\terrainlab\Node.h">
      <Filter>dataset\node</Filter>
    </ClInclude>
    <ClInclude Include="..\..\..\include\terrainlab\PinType.h">
      <Filter>dataset\pin</Filter>
    </ClInclude>
    <ClInclude Include="..\..\..\include\terrainlab\PinCallback.h">
      <Filter>dataset\pin</Filter>
    </ClInclude>
    <ClInclude Include="..\..\..\include\terrainlab\RegistNodes.h">
      <Filter>tools\rtti</Filter>
    </ClInclude>
    <ClInclude Include="..\..\..\include\terrainlab\node_def_gen.h">
      <Filter>tools\rtti</Filter>
    </ClInclude>
    <ClInclude Include="..\..\..\include\terrainlab\node_rttr_gen.h">
      <Filter>tools\rtti</Filter>
    </ClInclude>
    <ClInclude Include="..\..\..\include\terrainlab\PreviewPage.h">
      <Filter>view\preview</Filter>
    </ClInclude>
    <ClInclude Include="..\..\..\include\terrainlab\ModelAdapter.h">
      <Filter>tools\trans</Filter>
    </ClInclude>
    <ClInclude Include="..\..\..\include\terrainlab\MessageID.h">
      <Filter>tools</Filter>
    </ClInclude>
    <ClInclude Include="..\..\..\include\terrainlab\node_regist_cfg.h">
      <Filter>tools\rtti</Filter>
    </ClInclude>
    <ClInclude Include="..\..\..\include\terrainlab\ImageRenderer.h">
      <Filter>view\preview\renderer\bitmap</Filter>
    </ClInclude>
    <ClInclude Include="..\..\..\include\terrainlab\TemplateBrushOP.h">
      <Filter>view\preview\operator</Filter>
    </ClInclude>
    <ClInclude Include="..\..\..\include\terrainlab\NoiseBrushOP.h">
      <Filter>view\preview\operator</Filter>
    </ClInclude>
    <ClInclude Include="..\..\..\include\terrainlab\BrushDrawOP.h">
      <Filter>view\preview\operator</Filter>
    </ClInclude>
    <ClInclude Include="..\..\..\include\terrainlab\TerrainLab.h" />
    <ClInclude Include="..\..\..\include\terrainlab\OverlayRenderer.h">
      <Filter>view\preview\renderer\heightmap</Filter>
    </ClInclude>
    <ClInclude Include="..\..\..\include\terrainlab\SplatPbrRenderer.h">
      <Filter>view\preview\renderer\heightmap</Filter>
    </ClInclude>
    <ClInclude Include="..\..\..\include\terrainlab\SplatRenderer.h">
      <Filter>view\preview\renderer\heightmap</Filter>
    </ClInclude>
    <ClInclude Include="..\..\..\include\terrainlab\node\FullView2D.h">
      <Filter>nodes</Filter>
    </ClInclude>
    <ClInclude Include="..\..\..\include\terrainlab\FullView2dRenderer.h">
      <Filter>view\preview\renderer\fullview</Filter>
    </ClInclude>
  </ItemGroup>
  <ItemGroup>
    <ClCompile Include="..\..\..\source\WxPreviewCanvas.cpp">
      <Filter>view\preview</Filter>
    </ClCompile>
    <ClCompile Include="..\..\..\source\Node.cpp">
      <Filter>dataset\node</Filter>
    </ClCompile>
    <ClCompile Include="..\..\..\source\PinCallback.cpp">
      <Filter>dataset\pin</Filter>
    </ClCompile>
    <ClCompile Include="..\..\..\source\RegistNodes.cpp">
      <Filter>tools\rtti</Filter>
    </ClCompile>
    <ClCompile Include="..\..\..\source\PreviewPage.cpp">
      <Filter>view\preview</Filter>
    </ClCompile>
    <ClCompile Include="..\..\..\source\ModelAdapter.cpp">
      <Filter>tools\trans</Filter>
    </ClCompile>
    <ClCompile Include="..\..\..\source\ImageRenderer.cpp">
      <Filter>view\preview\renderer\bitmap</Filter>
    </ClCompile>
    <ClCompile Include="..\..\..\source\TemplateBrushOP.cpp">
      <Filter>view\preview\operator</Filter>
    </ClCompile>
    <ClCompile Include="..\..\..\source\NoiseBrushOP.cpp">
      <Filter>view\preview\operator</Filter>
    </ClCompile>
    <ClCompile Include="..\..\..\source\BrushDrawOP.cpp">
      <Filter>view\preview\operator</Filter>
    </ClCompile>
    <ClCompile Include="..\..\..\source\TerrainLab.cpp" />
    <ClCompile Include="..\..\..\source\OverlayRenderer.cpp">
      <Filter>view\preview\renderer\heightmap</Filter>
    </ClCompile>
    <ClCompile Include="..\..\..\source\SplatPbrRenderer.cpp">
      <Filter>view\preview\renderer\heightmap</Filter>
    </ClCompile>
    <ClCompile Include="..\..\..\source\SplatRenderer.cpp">
      <Filter>view\preview\renderer\heightmap</Filter>
    </ClCompile>
    <ClCompile Include="..\..\..\source\node\FullView2D.cpp">
      <Filter>nodes</Filter>
    </ClCompile>
    <ClCompile Include="..\..\..\source\FullView2dRenderer.cpp">
      <Filter>view\preview\renderer\fullview</Filter>
    </ClCompile>
  </ItemGroup>
</Project>